
Microsoft Visual Studio Solution File, Format Version 12.00
# Visual Studio Version 17
VisualStudioVersion = 17.4.33213.308
MinimumVisualStudioVersion = 10.0.40219.1
Project("{2150E333-8FDC-42A3-9474-1A3956D46DE8}") = "Core", "Core", "{94BF77C8-D6CA-488F-B374-290F3EEEAC65}"
EndProject
Project("{9A19103F-16F7-4668-BE54-9A1E7A4F7556}") = "BlogEngine.Domain", "BlogEngine.Domain\BlogEngine.Domain.csproj", "{F1D96229-36DD-443A-8BCE-38166A8C4D94}"
EndProject
Project("{2150E333-8FDC-42A3-9474-1A3956D46DE8}") = "Infrastructure", "Infrastructure", "{CA875D09-3C9A-4386-AFF3-4186C003D0EC}"
EndProject
Project("{9A19103F-16F7-4668-BE54-9A1E7A4F7556}") = "BlogEngine.Persistence", "BlogEngine.Persistence\BlogEngine.Persistence.csproj", "{E51AA2C2-C6E6-4174-920C-7990DBFFB980}"
EndProject
Project("{9A19103F-16F7-4668-BE54-9A1E7A4F7556}") = "BlogEngineApplication", "BlogEngineApplication\BlogEngineApplication.csproj", "{0C65F426-A2EF-474D-B1E2-6E54058FBB9B}"
EndProject
Project("{2150E333-8FDC-42A3-9474-1A3956D46DE8}") = "Presentation", "Presentation", "{CB923933-CDA7-4473-B1CB-02C08DC971BC}"
EndProject
Project("{9A19103F-16F7-4668-BE54-9A1E7A4F7556}") = "BlogEngine.Web", "BlogEngine.Web\BlogEngine.Web.csproj", "{E9DFD69C-7574-4F46-82E0-E9B510D84B05}"
EndProject
Project("{2150E333-8FDC-42A3-9474-1A3956D46DE8}") = "Tests", "Tests", "{8CB70C34-A3DC-4590-9D6E-174B8FE89178}"
EndProject
Project("{FAE04EC0-301F-11D3-BF4B-00C04F79EFBC}") = "BlogEngine.Tests", "BlogEngine.Tests\BlogEngine.Tests.csproj", "{CAED4B74-8F1F-45F7-8E2C-29F4165FD32C}"
EndProject
Global
	GlobalSection(SolutionConfigurationPlatforms) = preSolution
		Debug|Any CPU = Debug|Any CPU
		Release|Any CPU = Release|Any CPU
	EndGlobalSection
	GlobalSection(ProjectConfigurationPlatforms) = postSolution
		{F1D96229-36DD-443A-8BCE-38166A8C4D94}.Debug|Any CPU.ActiveCfg = Debug|Any CPU
		{F1D96229-36DD-443A-8BCE-38166A8C4D94}.Debug|Any CPU.Build.0 = Debug|Any CPU
		{F1D96229-36DD-443A-8BCE-38166A8C4D94}.Release|Any CPU.ActiveCfg = Release|Any CPU
		{F1D96229-36DD-443A-8BCE-38166A8C4D94}.Release|Any CPU.Build.0 = Release|Any CPU
		{E51AA2C2-C6E6-4174-920C-7990DBFFB980}.Debug|Any CPU.ActiveCfg = Debug|Any CPU
		{E51AA2C2-C6E6-4174-920C-7990DBFFB980}.Debug|Any CPU.Build.0 = Debug|Any CPU
		{E51AA2C2-C6E6-4174-920C-7990DBFFB980}.Release|Any CPU.ActiveCfg = Release|Any CPU
		{E51AA2C2-C6E6-4174-920C-7990DBFFB980}.Release|Any CPU.Build.0 = Release|Any CPU
		{0C65F426-A2EF-474D-B1E2-6E54058FBB9B}.Debug|Any CPU.ActiveCfg = Debug|Any CPU
		{0C65F426-A2EF-474D-B1E2-6E54058FBB9B}.Debug|Any CPU.Build.0 = Debug|Any CPU
		{0C65F426-A2EF-474D-B1E2-6E54058FBB9B}.Release|Any CPU.ActiveCfg = Release|Any CPU
		{0C65F426-A2EF-474D-B1E2-6E54058FBB9B}.Release|Any CPU.Build.0 = Release|Any CPU
		{E9DFD69C-7574-4F46-82E0-E9B510D84B05}.Debug|Any CPU.ActiveCfg = Debug|Any CPU
		{E9DFD69C-7574-4F46-82E0-E9B510D84B05}.Debug|Any CPU.Build.0 = Debug|Any CPU
		{E9DFD69C-7574-4F46-82E0-E9B510D84B05}.Release|Any CPU.ActiveCfg = Release|Any CPU
		{E9DFD69C-7574-4F46-82E0-E9B510D84B05}.Release|Any CPU.Build.0 = Release|Any CPU
		{CAED4B74-8F1F-45F7-8E2C-29F4165FD32C}.Debug|Any CPU.ActiveCfg = Debug|Any CPU
		{CAED4B74-8F1F-45F7-8E2C-29F4165FD32C}.Debug|Any CPU.Build.0 = Debug|Any CPU
		{CAED4B74-8F1F-45F7-8E2C-29F4165FD32C}.Release|Any CPU.ActiveCfg = Release|Any CPU
		{CAED4B74-8F1F-45F7-8E2C-29F4165FD32C}.Release|Any CPU.Build.0 = Release|Any CPU
	EndGlobalSection
	GlobalSection(SolutionProperties) = preSolution
		HideSolutionNode = FALSE
	EndGlobalSection
	GlobalSection(NestedProjects) = preSolution
		{F1D96229-36DD-443A-8BCE-38166A8C4D94} = {94BF77C8-D6CA-488F-B374-290F3EEEAC65}
		{E51AA2C2-C6E6-4174-920C-7990DBFFB980} = {CA875D09-3C9A-4386-AFF3-4186C003D0EC}
		{0C65F426-A2EF-474D-B1E2-6E54058FBB9B} = {94BF77C8-D6CA-488F-B374-290F3EEEAC65}
		{E9DFD69C-7574-4F46-82E0-E9B510D84B05} = {CB923933-CDA7-4473-B1CB-02C08DC971BC}
		{CAED4B74-8F1F-45F7-8E2C-29F4165FD32C} = {8CB70C34-A3DC-4590-9D6E-174B8FE89178}
	EndGlobalSection
	GlobalSection(ExtensibilityGlobals) = postSolution
		SolutionGuid = {CA0FA102-C829-4ABD-B35A-56FE6781A854}
	EndGlobalSection
EndGlobal
